// !$*UTF8*$!
{
	archiveVersion = 1;
	classes = {
	};
	objectVersion = 55;
	objects = {

/* Begin PBXBuildFile section */
		D423D88E28F77222009027E5 /* OrderView.swift in Sources */ = {isa = PBXBuildFile; fileRef = D423D88D28F77222009027E5 /* OrderView.swift */; };
		D4BE55E128EA6D8C0057A0A0 /* iDineApp.swift in Sources */ = {isa = PBXBuildFile; fileRef = D4BE55E028EA6D8C0057A0A0 /* iDineApp.swift */; };
		D4BE55E328EA6D8C0057A0A0 /* ContentView.swift in Sources */ = {isa = PBXBuildFile; fileRef = D4BE55E228EA6D8C0057A0A0 /* ContentView.swift */; };
		D4BE55E528EA6D8C0057A0A0 /* Assets.xcassets in Resources */ = {isa = PBXBuildFile; fileRef = D4BE55E428EA6D8C0057A0A0 /* Assets.xcassets */; };
		D4BE55E828EA6D8C0057A0A0 /* Preview Assets.xcassets in Resources */ = {isa = PBXBuildFile; fileRef = D4BE55E728EA6D8C0057A0A0 /* Preview Assets.xcassets */; };
		D4BE55F228EA6D8C0057A0A0 /* iDineTests.swift in Sources */ = {isa = PBXBuildFile; fileRef = D4BE55F128EA6D8C0057A0A0 /* iDineTests.swift */; };
		D4BE55FC28EA6D8D0057A0A0 /* iDineUITests.swift in Sources */ = {isa = PBXBuildFile; fileRef = D4BE55FB28EA6D8D0057A0A0 /* iDineUITests.swift */; };
		D4BE55FE28EA6D8D0057A0A0 /* iDineUITestsLaunchTests.swift in Sources */ = {isa = PBXBuildFile; fileRef = D4BE55FD28EA6D8D0057A0A0 /* iDineUITestsLaunchTests.swift */; };
		D4BE560B28EA6DE40057A0A0 /* Helper.swift in Sources */ = {isa = PBXBuildFile; fileRef = D4BE560A28EA6DE40057A0A0 /* Helper.swift */; };
		D4BE560D28EA711A0057A0A0 /* Order.swift in Sources */ = {isa = PBXBuildFile; fileRef = D4BE560C28EA711A0057A0A0 /* Order.swift */; };
		D4BE560F28EA71710057A0A0 /* menu.json in Resources */ = {isa = PBXBuildFile; fileRef = D4BE560E28EA71710057A0A0 /* menu.json */; };
		D4BE561128EA719E0057A0A0 /* Menu.swift in Sources */ = {isa = PBXBuildFile; fileRef = D4BE561028EA719E0057A0A0 /* Menu.swift */; };
		D4BE561328EB7BF40057A0A0 /* ItemRow.swift in Sources */ = {isa = PBXBuildFile; fileRef = D4BE561228EB7BF40057A0A0 /* ItemRow.swift */; };
		D4CC2C4328F7835C00B5433E /* MainView.swift in Sources */ = {isa = PBXBuildFile; fileRef = D4CC2C4228F7835C00B5433E /* MainView.swift */; };
		D4E37A5E28F8A53800C11A4C /* CheckoutView.swift in Sources */ = {isa = PBXBuildFile; fileRef = D4E37A5D28F8A53800C11A4C /* CheckoutView.swift */; };
		D4F01B0928F61D7C008219C5 /* ItemDetail.swift in Sources */ = {isa = PBXBuildFile; fileRef = D4F01B0828F61D7C008219C5 /* ItemDetail.swift */; };
/* End PBXBuildFile section */

/* Begin PBXContainerItemProxy section */
		D4BE55EE28EA6D8C0057A0A0 /* PBXContainerItemProxy */ = {
			isa = PBXContainerItemProxy;
			containerPortal = D4BE55D528EA6D8C0057A0A0 /* Project object */;
			proxyType = 1;
			remoteGlobalIDString = D4BE55DC28EA6D8C0057A0A0;
			remoteInfo = iDine;
		};
		D4BE55F828EA6D8D0057A0A0 /* PBXContainerItemProxy */ = {
			isa = PBXContainerItemProxy;
			containerPortal = D4BE55D528EA6D8C0057A0A0 /* Project object */;
			proxyType = 1;
			remoteGlobalIDString = D4BE55DC28EA6D8C0057A0A0;
			remoteInfo = iDine;
		};
/* End PBXContainerItemProxy section */

/* Begin PBXFileReference section */
		D423D88D28F77222009027E5 /* OrderView.swift */ = {isa = PBXFileReference; lastKnownFileType = sourcecode.swift; path = OrderView.swift; sourceTree = "<group>"; };
		D4BE55DD28EA6D8C0057A0A0 /* iDine.app */ = {isa = PBXFileReference; explicitFileType = wrapper.application; includeInIndex = 0; path = iDine.app; sourceTree = BUILT_PRODUCTS_DIR; };
		D4BE55E028EA6D8C0057A0A0 /* iDineApp.swift */ = {isa = PBXFileReference; lastKnownFileType = sourcecode.swift; path = iDineApp.swift; sourceTree = "<group>"; };
		D4BE55E228EA6D8C0057A0A0 /* ContentView.swift */ = {isa = PBXFileReference; lastKnownFileType = sourcecode.swift; path = ContentView.swift; sourceTree = "<group>"; };
		D4BE55E428EA6D8C0057A0A0 /* Assets.xcassets */ = {isa = PBXFileReference; lastKnownFileType = folder.assetcatalog; path = Assets.xcassets; sourceTree = "<group>"; };
		D4BE55E728EA6D8C0057A0A0 /* Preview Assets.xcassets */ = {isa = PBXFileReference; lastKnownFileType = folder.assetcatalog; path = "Preview Assets.xcassets"; sourceTree = "<group>"; };
		D4BE55ED28EA6D8C0057A0A0 /* iDineTests.xctest */ = {isa = PBXFileReference; explicitFileType = wrapper.cfbundle; includeInIndex = 0; path = iDineTests.xctest; sourceTree = BUILT_PRODUCTS_DIR; };
		D4BE55F128EA6D8C0057A0A0 /* iDineTests.swift */ = {isa = PBXFileReference; lastKnownFileType = sourcecode.swift; path = iDineTests.swift; sourceTree = "<group>"; };
		D4BE55F728EA6D8D0057A0A0 /* iDineUITests.xctest */ = {isa = PBXFileReference; explicitFileType = wrapper.cfbundle; includeInIndex = 0; path = iDineUITests.xctest; sourceTree = BUILT_PRODUCTS_DIR; };
		D4BE55FB28EA6D8D0057A0A0 /* iDineUITests.swift */ = {isa = PBXFileReference; lastKnownFileType = sourcecode.swift; path = iDineUITests.swift; sourceTree = "<group>"; };
		D4BE55FD28EA6D8D0057A0A0 /* iDineUITestsLaunchTests.swift */ = {isa = PBXFileReference; lastKnownFileType = sourcecode.swift; path = iDineUITestsLaunchTests.swift; sourceTree = "<group>"; };
		D4BE560A28EA6DE40057A0A0 /* Helper.swift */ = {isa = PBXFileReference; fileEncoding = 4; lastKnownFileType = sourcecode.swift; path = Helper.swift; sourceTree = "<group>"; };
		D4BE560C28EA711A0057A0A0 /* Order.swift */ = {isa = PBXFileReference; fileEncoding = 4; lastKnownFileType = sourcecode.swift; path = Order.swift; sourceTree = "<group>"; };
		D4BE560E28EA71710057A0A0 /* menu.json */ = {isa = PBXFileReference; fileEncoding = 4; lastKnownFileType = text.json; path = menu.json; sourceTree = "<group>"; };
		D4BE561028EA719E0057A0A0 /* Menu.swift */ = {isa = PBXFileReference; fileEncoding = 4; lastKnownFileType = sourcecode.swift; path = Menu.swift; sourceTree = "<group>"; };
		D4BE561228EB7BF40057A0A0 /* ItemRow.swift */ = {isa = PBXFileReference; lastKnownFileType = sourcecode.swift; path = ItemRow.swift; sourceTree = "<group>"; };
		D4CC2C4228F7835C00B5433E /* MainView.swift */ = {isa = PBXFileReference; lastKnownFileType = sourcecode.swift; path = MainView.swift; sourceTree = "<group>"; };
		D4E37A5D28F8A53800C11A4C /* CheckoutView.swift */ = {isa = PBXFileReference; lastKnownFileType = sourcecode.swift; path = CheckoutView.swift; sourceTree = "<group>"; };
		D4F01B0828F61D7C008219C5 /* ItemDetail.swift */ = {isa = PBXFileReference; lastKnownFileType = sourcecode.swift; path = ItemDetail.swift; sourceTree = "<group>"; };
/* End PBXFileReference section */

/* Begin PBXFrameworksBuildPhase section */
		D4BE55DA28EA6D8C0057A0A0 /* Frameworks */ = {
			isa = PBXFrameworksBuildPhase;
			buildActionMask = 2147483647;
			files = (
			);
			runOnlyForDeploymentPostprocessing = 0;
		};
		D4BE55EA28EA6D8C0057A0A0 /* Frameworks */ = {
			isa = PBXFrameworksBuildPhase;
			buildActionMask = 2147483647;
			files = (
			);
			runOnlyForDeploymentPostprocessing = 0;
		};
		D4BE55F428EA6D8D0057A0A0 /* Frameworks */ = {
			isa = PBXFrameworksBuildPhase;
			buildActionMask = 2147483647;
			files = (
			);
			runOnlyForDeploymentPostprocessing = 0;
		};
/* End PBXFrameworksBuildPhase section */

/* Begin PBXGroup section */
		D4BE55D428EA6D8C0057A0A0 = {
			isa = PBXGroup;
			children = (
				D4BE55DF28EA6D8C0057A0A0 /* iDine */,
				D4BE55F028EA6D8C0057A0A0 /* iDineTests */,
				D4BE55FA28EA6D8D0057A0A0 /* iDineUITests */,
				D4BE55DE28EA6D8C0057A0A0 /* Products */,
			);
			sourceTree = "<group>";
		};
		D4BE55DE28EA6D8C0057A0A0 /* Products */ = {
			isa = PBXGroup;
			children = (
				D4BE55DD28EA6D8C0057A0A0 /* iDine.app */,
				D4BE55ED28EA6D8C0057A0A0 /* iDineTests.xctest */,
				D4BE55F728EA6D8D0057A0A0 /* iDineUITests.xctest */,
			);
			name = Products;
			sourceTree = "<group>";
		};
		D4BE55DF28EA6D8C0057A0A0 /* iDine */ = {
			isa = PBXGroup;
			children = (
				D4BE560A28EA6DE40057A0A0 /* Helper.swift */,
				D4BE561028EA719E0057A0A0 /* Menu.swift */,
				D4BE560C28EA711A0057A0A0 /* Order.swift */,
				D4BE55E028EA6D8C0057A0A0 /* iDineApp.swift */,
				D4CC2C4228F7835C00B5433E /* MainView.swift */,
				D4BE560E28EA71710057A0A0 /* menu.json */,
				D4BE55E228EA6D8C0057A0A0 /* ContentView.swift */,
				D4BE561228EB7BF40057A0A0 /* ItemRow.swift */,
				D4BE55E428EA6D8C0057A0A0 /* Assets.xcassets */,
				D4F01B0828F61D7C008219C5 /* ItemDetail.swift */,
				D4E37A5D28F8A53800C11A4C /* CheckoutView.swift */,
				D423D88D28F77222009027E5 /* OrderView.swift */,
				D4BE55E628EA6D8C0057A0A0 /* Preview Content */,
			);
			path = iDine;
			sourceTree = "<group>";
		};
		D4BE55E628EA6D8C0057A0A0 /* Preview Content */ = {
			isa = PBXGroup;
			children = (
				D4BE55E728EA6D8C0057A0A0 /* Preview Assets.xcassets */,
			);
			path = "Preview Content";
			sourceTree = "<group>";
		};
		D4BE55F028EA6D8C0057A0A0 /* iDineTests */ = {
			isa = PBXGroup;
			children = (
				D4BE55F128EA6D8C0057A0A0 /* iDineTests.swift */,
			);
			path = iDineTests;
			sourceTree = "<group>";
		};
		D4BE55FA28EA6D8D0057A0A0 /* iDineUITests */ = {
			isa = PBXGroup;
			children = (
				D4BE55FB28EA6D8D0057A0A0 /* iDineUITests.swift */,
				D4BE55FD28EA6D8D0057A0A0 /* iDineUITestsLaunchTests.swift */,
			);
			path = iDineUITests;
			sourceTree = "<group>";
		};
/* End PBXGroup section */

/* Begin PBXNativeTarget section */
		D4BE55DC28EA6D8C0057A0A0 /* iDine */ = {
			isa = PBXNativeTarget;
			buildConfigurationList = D4BE560128EA6D8D0057A0A0 /* Build configuration list for PBXNativeTarget "iDine" */;
			buildPhases = (
				D4BE55D928EA6D8C0057A0A0 /* Sources */,
				D4BE55DA28EA6D8C0057A0A0 /* Frameworks */,
				D4BE55DB28EA6D8C0057A0A0 /* Resources */,
			);
			buildRules = (
			);
			dependencies = (
			);
			name = iDine;
			productName = iDine;
			productReference = D4BE55DD28EA6D8C0057A0A0 /* iDine.app */;
			productType = "com.apple.product-type.application";
		};
		D4BE55EC28EA6D8C0057A0A0 /* iDineTests */ = {
			isa = PBXNativeTarget;
			buildConfigurationList = D4BE560428EA6D8D0057A0A0 /* Build configuration list for PBXNativeTarget "iDineTests" */;
			buildPhases = (
				D4BE55E928EA6D8C0057A0A0 /* Sources */,
				D4BE55EA28EA6D8C0057A0A0 /* Frameworks */,
				D4BE55EB28EA6D8C0057A0A0 /* Resources */,
			);
			buildRules = (
			);
			dependencies = (
				D4BE55EF28EA6D8C0057A0A0 /* PBXTargetDependency */,
			);
			name = iDineTests;
			productName = iDineTests;
			productReference = D4BE55ED28EA6D8C0057A0A0 /* iDineTests.xctest */;
			productType = "com.apple.product-type.bundle.unit-test";
		};
		D4BE55F628EA6D8D0057A0A0 /* iDineUITests */ = {
			isa = PBXNativeTarget;
			buildConfigurationList = D4BE560728EA6D8D0057A0A0 /* Build configuration list for PBXNativeTarget "iDineUITests" */;
			buildPhases = (
				D4BE55F328EA6D8D0057A0A0 /* Sources */,
				D4BE55F428EA6D8D0057A0A0 /* Frameworks */,
				D4BE55F528EA6D8D0057A0A0 /* Resources */,
			);
			buildRules = (
			);
			dependencies = (
				D4BE55F928EA6D8D0057A0A0 /* PBXTargetDependency */,
			);
			name = iDineUITests;
			productName = iDineUITests;
			productReference = D4BE55F728EA6D8D0057A0A0 /* iDineUITests.xctest */;
			productType = "com.apple.product-type.bundle.ui-testing";
		};
/* End PBXNativeTarget section */

/* Begin PBXProject section */
		D4BE55D528EA6D8C0057A0A0 /* Project object */ = {
			isa = PBXProject;
			attributes = {
				BuildIndependentTargetsInParallel = 1;
				LastSwiftUpdateCheck = 1340;
				LastUpgradeCheck = 1340;
				TargetAttributes = {
					D4BE55DC28EA6D8C0057A0A0 = {
						CreatedOnToolsVersion = 13.4.1;
					};
					D4BE55EC28EA6D8C0057A0A0 = {
						CreatedOnToolsVersion = 13.4.1;
						TestTargetID = D4BE55DC28EA6D8C0057A0A0;
					};
					D4BE55F628EA6D8D0057A0A0 = {
						CreatedOnToolsVersion = 13.4.1;
						TestTargetID = D4BE55DC28EA6D8C0057A0A0;
					};
				};
			};
			buildConfigurationList = D4BE55D828EA6D8C0057A0A0 /* Build configuration list for PBXProject "iDine" */;
			compatibilityVersion = "Xcode 13.0";
			developmentRegion = en;
			hasScannedForEncodings = 0;
			knownRegions = (
				en,
				Base,
			);
			mainGroup = D4BE55D428EA6D8C0057A0A0;
			productRefGroup = D4BE55DE28EA6D8C0057A0A0 /* Products */;
			projectDirPath = "";
			projectRoot = "";
			targets = (
				D4BE55DC28EA6D8C0057A0A0 /* iDine */,
				D4BE55EC28EA6D8C0057A0A0 /* iDineTests */,
				D4BE55F628EA6D8D0057A0A0 /* iDineUITests */,
			);
		};
/* End PBXProject section */

/* Begin PBXResourcesBuildPhase section */
		D4BE55DB28EA6D8C0057A0A0 /* Resources */ = {
			isa = PBXResourcesBuildPhase;
			buildActionMask = 2147483647;
			files = (
				D4BE560F28EA71710057A0A0 /* menu.json in Resources */,
				D4BE55E828EA6D8C0057A0A0 /* Preview Assets.xcassets in Resources */,
				D4BE55E528EA6D8C0057A0A0 /* Assets.xcassets in Resources */,
			);
			runOnlyForDeploymentPostprocessing = 0;
		};
		D4BE55EB28EA6D8C0057A0A0 /* Resources */ = {
			isa = PBXResourcesBuildPhase;
			buildActionMask = 2147483647;
			files = (
			);
			runOnlyForDeploymentPostprocessing = 0;
		};
		D4BE55F528EA6D8D0057A0A0 /* Resources */ = {
			isa = PBXResourcesBuildPhase;
			buildActionMask = 2147483647;
			files = (
			);
			runOnlyForDeploymentPostprocessing = 0;
		};
/* End PBXResourcesBuildPhase section */

/* Begin PBXSourcesBuildPhase section */
		D4BE55D928EA6D8C0057A0A0 /* Sources */ = {
			isa = PBXSourcesBuildPhase;
			buildActionMask = 2147483647;
			files = (
				D4F01B0928F61D7C008219C5 /* ItemDetail.swift in Sources */,
				D4CC2C4328F7835C00B5433E /* MainView.swift in Sources */,
				D4E37A5E28F8A53800C11A4C /* CheckoutView.swift in Sources */,
				D423D88E28F77222009027E5 /* OrderView.swift in Sources */,
				D4BE55E328EA6D8C0057A0A0 /* ContentView.swift in Sources */,
				D4BE55E128EA6D8C0057A0A0 /* iDineApp.swift in Sources */,
				D4BE560D28EA711A0057A0A0 /* Order.swift in Sources */,
				D4BE561328EB7BF40057A0A0 /* ItemRow.swift in Sources */,
				D4BE560B28EA6DE40057A0A0 /* Helper.swift in Sources */,
				D4BE561128EA719E0057A0A0 /* Menu.swift in Sources */,
			);
			runOnlyForDeploymentPostprocessing = 0;
		};
		D4BE55E928EA6D8C0057A0A0 /* Sources */ = {
			isa = PBXSourcesBuildPhase;
			buildActionMask = 2147483647;
			files = (
				D4BE55F228EA6D8C0057A0A0 /* iDineTests.swift in Sources */,
			);
			runOnlyForDeploymentPostprocessing = 0;
		};
		D4BE55F328EA6D8D0057A0A0 /* Sources */ = {
			isa = PBXSourcesBuildPhase;
			buildActionMask = 2147483647;
			files = (
				D4BE55FE28EA6D8D0057A0A0 /* iDineUITestsLaunchTests.swift in Sources */,
				D4BE55FC28EA6D8D0057A0A0 /* iDineUITests.swift in Sources */,
			);
			runOnlyForDeploymentPostprocessing = 0;
		};
/* End PBXSourcesBuildPhase section */

/* Begin PBXTargetDependency section */
		D4BE55EF28EA6D8C0057A0A0 /* PBXTargetDependency */ = {
			isa = PBXTargetDependency;
			target = D4BE55DC28EA6D8C0057A0A0 /* iDine */;
			targetProxy = D4BE55EE28EA6D8C0057A0A0 /* PBXContainerItemProxy */;
		};
		D4BE55F928EA6D8D0057A0A0 /* PBXTargetDependency */ = {
			isa = PBXTargetDependency;
			target = D4BE55DC28EA6D8C0057A0A0 /* iDine */;
			targetProxy = D4BE55F828EA6D8D0057A0A0 /* PBXContainerItemProxy */;
		};
/* End PBXTargetDependency section */

/* Begin XCBuildConfiguration section */
		D4BE55FF28EA6D8D0057A0A0 /* Debug */ = {
			isa = XCBuildConfiguration;
			buildSettings = {
				ALWAYS_SEARCH_USER_PATHS = NO;
				CLANG_ANALYZER_NONNULL = YES;
				CLANG_ANALYZER_NUMBER_OBJECT_CONVERSION = YES_AGGRESSIVE;
				CLANG_CXX_LANGUAGE_STANDARD = "gnu++17";
				CLANG_ENABLE_MODULES = YES;
				CLANG_ENABLE_OBJC_ARC = YES;
				CLANG_ENABLE_OBJC_WEAK = YES;
				CLANG_WARN_BLOCK_CAPTURE_AUTORELEASING = YES;
				CLANG_WARN_BOOL_CONVERSION = YES;
				CLANG_WARN_COMMA = YES;
				CLANG_WARN_CONSTANT_CONVERSION = YES;
				CLANG_WARN_DEPRECATED_OBJC_IMPLEMENTATIONS = YES;
				CLANG_WARN_DIRECT_OBJC_ISA_USAGE = YES_ERROR;
				CLANG_WARN_DOCUMENTATION_COMMENTS = YES;
				CLANG_WARN_EMPTY_BODY = YES;
				CLANG_WARN_ENUM_CONVERSION = YES;
				CLANG_WARN_INFINITE_RECURSION = YES;
				CLANG_WARN_INT_CONVERSION = YES;
				CLANG_WARN_NON_LITERAL_NULL_CONVERSION = YES;
				CLANG_WARN_OBJC_IMPLICIT_RETAIN_SELF = YES;
				CLANG_WARN_OBJC_LITERAL_CONVERSION = YES;
				CLANG_WARN_OBJC_ROOT_CLASS = YES_ERROR;
				CLANG_WARN_QUOTED_INCLUDE_IN_FRAMEWORK_HEADER = YES;
				CLANG_WARN_RANGE_LOOP_ANALYSIS = YES;
				CLANG_WARN_STRICT_PROTOTYPES = YES;
				CLANG_WARN_SUSPICIOUS_MOVE = YES;
				CLANG_WARN_UNGUARDED_AVAILABILITY = YES_AGGRESSIVE;
				CLANG_WARN_UNREACHABLE_CODE = YES;
				CLANG_WARN__DUPLICATE_METHOD_MATCH = YES;
				COPY_PHASE_STRIP = NO;
				DEBUG_INFORMATION_FORMAT = dwarf;
				ENABLE_STRICT_OBJC_MSGSEND = YES;
				ENABLE_TESTABILITY = YES;
				GCC_C_LANGUAGE_STANDARD = gnu11;
				GCC_DYNAMIC_NO_PIC = NO;
				GCC_NO_COMMON_BLOCKS = YES;
				GCC_OPTIMIZATION_LEVEL = 0;
				GCC_PREPROCESSOR_DEFINITIONS = (
					"DEBUG=1",
					"$(inherited)",
				);
				GCC_WARN_64_TO_32_BIT_CONVERSION = YES;
				GCC_WARN_ABOUT_RETURN_TYPE = YES_ERROR;
				GCC_WARN_UNDECLARED_SELECTOR = YES;
				GCC_WARN_UNINITIALIZED_AUTOS = YES_AGGRESSIVE;
				GCC_WARN_UNUSED_FUNCTION = YES;
				GCC_WARN_UNUSED_VARIABLE = YES;
				IPHONEOS_DEPLOYMENT_TARGET = 15.5;
				MTL_ENABLE_DEBUG_INFO = INCLUDE_SOURCE;
				MTL_FAST_MATH = YES;
				ONLY_ACTIVE_ARCH = YES;
				SDKROOT = iphoneos;
				SWIFT_ACTIVE_COMPILATION_CONDITIONS = DEBUG;
				SWIFT_OPTIMIZATION_LEVEL = "-Onone";
			};
			name = Debug;
		};
		D4BE560028EA6D8D0057A0A0 /* Release */ = {
			isa = XCBuildConfiguration;
			buildSettings = {
				ALWAYS_SEARCH_USER_PATHS = NO;
				CLANG_ANALYZER_NONNULL = YES;
				CLANG_ANALYZER_NUMBER_OBJECT_CONVERSION = YES_AGGRESSIVE;
				CLANG_CXX_LANGUAGE_STANDARD = "gnu++17";
				CLANG_ENABLE_MODULES = YES;
				CLANG_ENABLE_OBJC_ARC = YES;
				CLANG_ENABLE_OBJC_WEAK = YES;
				CLANG_WARN_BLOCK_CAPTURE_AUTORELEASING = YES;
				CLANG_WARN_BOOL_CONVERSION = YES;
				CLANG_WARN_COMMA = YES;
				CLANG_WARN_CONSTANT_CONVERSION = YES;
				CLANG_WARN_DEPRECATED_OBJC_IMPLEMENTATIONS = YES;
				CLANG_WARN_DIRECT_OBJC_ISA_USAGE = YES_ERROR;
				CLANG_WARN_DOCUMENTATION_COMMENTS = YES;
				CLANG_WARN_EMPTY_BODY = YES;
				CLANG_WARN_ENUM_CONVERSION = YES;
				CLANG_WARN_INFINITE_RECURSION = YES;
				CLANG_WARN_INT_CONVERSION = YES;
				CLANG_WARN_NON_LITERAL_NULL_CONVERSION = YES;
				CLANG_WARN_OBJC_IMPLICIT_RETAIN_SELF = YES;
				CLANG_WARN_OBJC_LITERAL_CONVERSION = YES;
				CLANG_WARN_OBJC_ROOT_CLASS = YES_ERROR;
				CLANG_WARN_QUOTED_INCLUDE_IN_FRAMEWORK_HEADER = YES;
				CLANG_WARN_RANGE_LOOP_ANALYSIS = YES;
				CLANG_WARN_STRICT_PROTOTYPES = YES;
				CLANG_WARN_SUSPICIOUS_MOVE = YES;
				CLANG_WARN_UNGUARDED_AVAILABILITY = YES_AGGRESSIVE;
				CLANG_WARN_UNREACHABLE_CODE = YES;
				CLANG_WARN__DUPLICATE_METHOD_MATCH = YES;
				COPY_PHASE_STRIP = NO;
				DEBUG_INFORMATION_FORMAT = "dwarf-with-dsym";
				ENABLE_NS_ASSERTIONS = NO;
				ENABLE_STRICT_OBJC_MSGSEND = YES;
				GCC_C_LANGUAGE_STANDARD = gnu11;
				GCC_NO_COMMON_BLOCKS = YES;
				GCC_WARN_64_TO_32_BIT_CONVERSION = YES;
				GCC_WARN_ABOUT_RETURN_TYPE = YES_ERROR;
				GCC_WARN_UNDECLARED_SELECTOR = YES;
				GCC_WARN_UNINITIALIZED_AUTOS = YES_AGGRESSIVE;
				GCC_WARN_UNUSED_FUNCTION = YES;
				GCC_WARN_UNUSED_VARIABLE = YES;
				IPHONEOS_DEPLOYMENT_TARGET = 15.5;
				MTL_ENABLE_DEBUG_INFO = NO;
				MTL_FAST_MATH = YES;
				SDKROOT = iphoneos;
				SWIFT_COMPILATION_MODE = wholemodule;
				SWIFT_OPTIMIZATION_LEVEL = "-O";
				VALIDATE_PRODUCT = YES;
			};
			name = Release;
		};
		D4BE560228EA6D8D0057A0A0 /* Debug */ = {
			isa = XCBuildConfiguration;
			buildSettings = {
				ASSETCATALOG_COMPILER_APPICON_NAME = AppIcon;
				ASSETCATALOG_COMPILER_GLOBAL_ACCENT_COLOR_NAME = AccentColor;
				CODE_SIGN_STYLE = Automatic;
				CURRENT_PROJECT_VERSION = 1;
				DEVELOPMENT_ASSET_PATHS = "\"iDine/Preview Content\"";
				ENABLE_PREVIEWS = YES;
				GENERATE_INFOPLIST_FILE = YES;
				INFOPLIST_KEY_UIApplicationSceneManifest_Generation = YES;
				INFOPLIST_KEY_UIApplicationSupportsIndirectInputEvents = YES;
				INFOPLIST_KEY_UILaunchScreen_Generation = YES;
				INFOPLIST_KEY_UISupportedInterfaceOrientations_iPad = "UIInterfaceOrientationPortrait UIInterfaceOrientationPortraitUpsideDown UIInterfaceOrientationLandscapeLeft UIInterfaceOrientationLandscapeRight";
				INFOPLIST_KEY_UISupportedInterfaceOrientations_iPhone = "UIInterfaceOrientationPortrait UIInterfaceOrientationLandscapeLeft UIInterfaceOrientationLandscapeRight";
				LD_RUNPATH_SEARCH_PATHS = (
					"$(inherited)",
					"@executable_path/Frameworks",
				);
				MARKETING_VERSION = 1.0;
				PRODUCT_BUNDLE_IDENTIFIER = com.example.jwang.iDine;
				PRODUCT_NAME = "$(TARGET_NAME)";
				SWIFT_EMIT_LOC_STRINGS = YES;
				SWIFT_VERSION = 5.0;
				TARGETED_DEVICE_FAMILY = "1,2";
			};
			name = Debug;
		};
		D4BE560328EA6D8D0057A0A0 /* Release */ = {
			isa = XCBuildConfiguration;
			buildSettings = {
				ASSETCATALOG_COMPILER_APPICON_NAME = AppIcon;
				ASSETCATALOG_COMPILER_GLOBAL_ACCENT_COLOR_NAME = AccentColor;
				CODE_SIGN_STYLE = Automatic;
				CURRENT_PROJECT_VERSION = 1;
				DEVELOPMENT_ASSET_PATHS = "\"iDine/Preview Content\"";
				ENABLE_PREVIEWS = YES;
				GENERATE_INFOPLIST_FILE = YES;
				INFOPLIST_KEY_UIApplicationSceneManifest_Generation = YES;
				INFOPLIST_KEY_UIApplicationSupportsIndirectInputEvents = YES;
				INFOPLIST_KEY_UILaunchScreen_Generation = YES;
				INFOPLIST_KEY_UISupportedInterfaceOrientations_iPad = "UIInterfaceOrientationPortrait UIInterfaceOrientationPortraitUpsideDown UIInterfaceOrientationLandscapeLeft UIInterfaceOrientationLandscapeRight";
				INFOPLIST_KEY_UISupportedInterfaceOrientations_iPhone = "UIInterfaceOrientationPortrait UIInterfaceOrientationLandscapeLeft UIInterfaceOrientationLandscapeRight";
				LD_RUNPATH_SEARCH_PATHS = (
					"$(inherited)",
					"@executable_path/Frameworks",
				);
				MARKETING_VERSION = 1.0;
				PRODUCT_BUNDLE_IDENTIFIER = com.example.jwang.iDine;
				PRODUCT_NAME = "$(TARGET_NAME)";
				SWIFT_EMIT_LOC_STRINGS = YES;
				SWIFT_VERSION = 5.0;
				TARGETED_DEVICE_FAMILY = "1,2";
			};
			name = Release;
		};
		D4BE560528EA6D8D0057A0A0 /* Debug */ = {
			isa = XCBuildConfiguration;
			buildSettings = {
				ALWAYS_EMBED_SWIFT_STANDARD_LIBRARIES = YES;
				BUNDLE_LOADER = "$(TEST_HOST)";
				CODE_SIGN_STYLE = Automatic;
				CURRENT_PROJECT_VERSION = 1;
				GENERATE_INFOPLIST_FILE = YES;
				IPHONEOS_DEPLOYMENT_TARGET = 15.5;
				MARKETING_VERSION = 1.0;
				PRODUCT_BUNDLE_IDENTIFIER = com.example.jwang.iDineTests;
				PRODUCT_NAME = "$(TARGET_NAME)";
				SWIFT_EMIT_LOC_STRINGS = NO;
				SWIFT_VERSION = 5.0;
				TARGETED_DEVICE_FAMILY = "1,2";
				TEST_HOST = "$(BUILT_PRODUCTS_DIR)/iDine.app/iDine";
			};
			name = Debug;
		};
		D4BE560628EA6D8D0057A0A0 /* Release */ = {
			isa = XCBuildConfiguration;
			buildSettings = {
				ALWAYS_EMBED_SWIFT_STANDARD_LIBRARIES = YES;
				BUNDLE_LOADER = "$(TEST_HOST)";
				CODE_SIGN_STYLE = Automatic;
				CURRENT_PROJECT_VERSION = 1;
				GENERATE_INFOPLIST_FILE = YES;
				IPHONEOS_DEPLOYMENT_TARGET = 15.5;
				MARKETING_VERSION = 1.0;
				PRODUCT_BUNDLE_IDENTIFIER = com.example.jwang.iDineTests;
				PRODUCT_NAME = "$(TARGET_NAME)";
				SWIFT_EMIT_LOC_STRINGS = NO;
				SWIFT_VERSION = 5.0;
				TARGETED_DEVICE_FAMILY = "1,2";
				TEST_HOST = "$(BUILT_PRODUCTS_DIR)/iDine.app/iDine";
			};
			name = Release;
		};
		D4BE560828EA6D8D0057A0A0 /* Debug */ = {
			isa = XCBuildConfiguration;
			buildSettings = {
				ALWAYS_EMBED_SWIFT_STANDARD_LIBRARIES = YES;
				CODE_SIGN_STYLE = Automatic;
				CURRENT_PROJECT_VERSION = 1;
				GENERATE_INFOPLIST_FILE = YES;
				MARKETING_VERSION = 1.0;
				PRODUCT_BUNDLE_IDENTIFIER = com.example.jwang.iDineUITests;
				PRODUCT_NAME = "$(TARGET_NAME)";
				SWIFT_EMIT_LOC_STRINGS = NO;
				SWIFT_VERSION = 5.0;
				TARGETED_DEVICE_FAMILY = "1,2";
				TEST_TARGET_NAME = iDine;
			};
			name = Debug;
		};
		D4BE560928EA6D8D0057A0A0 /* Release */ = {
			isa = XCBuildConfiguration;
			buildSettings = {
				ALWAYS_EMBED_SWIFT_STANDARD_LIBRARIES = YES;
				CODE_SIGN_STYLE = Automatic;
				CURRENT_PROJECT_VERSION = 1;
				GENERATE_INFOPLIST_FILE = YES;
				MARKETING_VERSION = 1.0;
				PRODUCT_BUNDLE_IDENTIFIER = com.example.jwang.iDineUITests;
				PRODUCT_NAME = "$(TARGET_NAME)";
				SWIFT_EMIT_LOC_STRINGS = NO;
				SWIFT_VERSION = 5.0;
				TARGETED_DEVICE_FAMILY = "1,2";
				TEST_TARGET_NAME = iDine;
			};
			name = Release;
		};
/* End XCBuildConfiguration section */

/* Begin XCConfigurationList section */
		D4BE55D828EA6D8C0057A0A0 /* Build configuration list for PBXProject "iDine" */ = {
			isa = XCConfigurationList;
			buildConfigurations = (
				D4BE55FF28EA6D8D0057A0A0 /* Debug */,
				D4BE560028EA6D8D0057A0A0 /* Release */,
			);
			defaultConfigurationIsVisible = 0;
			defaultConfigurationName = Release;
		};
		D4BE560128EA6D8D0057A0A0 /* Build configuration list for PBXNativeTarget "iDine" */ = {
			isa = XCConfigurationList;
			buildConfigurations = (
				D4BE560228EA6D8D0057A0A0 /* Debug */,
				D4BE560328EA6D8D0057A0A0 /* Release */,
			);
			defaultConfigurationIsVisible = 0;
			defaultConfigurationName = Release;
		};
		D4BE560428EA6D8D0057A0A0 /* Build configuration list for PBXNativeTarget "iDineTests" */ = {
			isa = XCConfigurationList;
			buildConfigurations = (
				D4BE560528EA6D8D0057A0A0 /* Debug */,
				D4BE560628EA6D8D0057A0A0 /* Release */,
			);
			defaultConfigurationIsVisible = 0;
			defaultConfigurationName = Release;
		};
		D4BE560728EA6D8D0057A0A0 /* Build configuration list for PBXNativeTarget "iDineUITests" */ = {
			isa = XCConfigurationList;
			buildConfigurations = (
				D4BE560828EA6D8D0057A0A0 /* Debug */,
				D4BE560928EA6D8D0057A0A0 /* Release */,
			);
			defaultConfigurationIsVisible = 0;
			defaultConfigurationName = Release;
		};
/* End XCConfigurationList section */
	};
	rootObject = D4BE55D528EA6D8C0057A0A0 /* Project object */;
}
